github.com/bbitechnologies/jolt-go v0.8.4 h1:vvL3v6glALuzN8OgWH/U5WTA6uqJaAmFe47LzqmFmt0=
github.com/bbitechnologies/jolt-go v0.8.4/go.mod h1:7Ofh6w3bEhoEJuKurymDEgJXBwJE6qMHC9nNPgptcJI=
github.com/ebitengine/purego v0.7.1 h1:6/55d26lG3o9VCZX8lping+bZcmShseiqlh2bnUDiPA=
github.com/ebitengine/purego v0.7.1/go.mod h1:ah1In8AOtksoNK6yk5z1HTJeUkC1Ez4Wk2idgGslMwQ=
github.com/gen2brain/raylib-go/raylib v0.55.1 h1:1rdc10WvvYjtj7qijHnV9T38/WuvlT6IIL+PaZ6cNA8=
github.com/gen2brain/raylib-go/raylib v0.55.1/go.mod h1:BaY76bZk7nw1/kVOSQObPY1v1iwVE1KHAGMfvI6oK1Q=
github.com/mlange-42/ark v0.7.1 h1:7bFbuUudy3Vi4V4W0yQZhueWXtQ5LgupXIXcMKZMPVk=
github.com/mlange-42/ark v0.7.1/go.mod h1:gkS9cuklENPTmSjL2z4DcJgJsIVqF1yNwFlx48Hz/Sw=
github.com/samber/do v1.6.0 h1:Jy/N++BXINDB6lAx5wBlbpHlUdl0FKpLWgGEV9YWqaU=
github.com/samber/do v1.6.0/go.mod h1:DWqBvumy8dyb2vEnYZE7D7zaVEB64J45B0NjTlY/M4k=
github.com/samber/lo v1.52.0 h1:Rvi+3BFHES3A8meP33VPAxiBZX/Aws5RxrschYGjomw=
github.com/samber/lo v1.52.0/go.mod h1:4+MXEGsJzbKGaUEQFKBq2xtfuznW9oz/WrgyzMzRoM0=
github.com/unitoftime/cod v0.0.0-20250419234656-6f109c444441 h1:VKmfg9J3dOPAJPZOzmSmoDIgkU+9kkRUPlah3QPZ+cQ=
github.com/unitoftime/cod v0.0.0-20250419234656-6f109c444441/go.mod h1:9E3tPG/n6cN7k030C0lMWNe0q2f1Qh1BvyNdxISCKWE=
github.com/unitoftime/ecs v0.0.4-0.20260111134100-9c566358be11 h1:HLmJUw3oKByysaIJlig/9y6jRukDqMjUGPm29hUi6yk=
github.com/unitoftime/ecs v0.0.4-0.20260111134100-9c566358be11/go.mod h1:TvAag1Os2T+y8tX/2M2xscuZC2SfdAYF1UlNttZXCzM=
golang.org/x/exp v0.0.0-20240506185415-9bf2ced13842 h1:vr/HnozRka3pE4EsMEg1lgkXJkTFJCVUX+S/ZT6wYzM=
golang.org/x/exp v0.0.0-20240506185415-9bf2ced13842/go.mod h1:XtvwrStGgqGPLc4cjQfWqZHG1YFdYs6swckp8vpsjnc=
golang.org/x/sys v0.20.0 h1:Od9JTbYCk261bKm4M/mw7AklTlFYIa0bIp9BgSm1S8Y=
golang.org/x/sys v0.20.0/go.mod h1:/VUhepiaJMQUp4+oa/7Zr1D23ma6VTLIYjOOTFZPUcA=
golang.org/x/text v0.22.0 h1:bofq7m3/HAFvbF51jz3Q9wLg3jkvSPuiZu/pD1XwgtM=
golang.org/x/text v0.22.0/go.mod h1:YRoo4H8PVmsu+E3Ou7cqLVH8oXWIHVoX0jqUWALQhfY=
